
Microsoft Visual Studio Solution File, Format Version 12.00
# Visual Studio 15
VisualStudioVersion = 15.0.27703.2042
MinimumVisualStudioVersion = 10.0.40219.1
Project("{FAE04EC0-301F-11D3-BF4B-00C04F79EFBC}") = "FPPG CRM v2", "FPPG CRM v2\FPPG CRM v2.csproj", "{61B12D23-72FC-4C99-826A-5790905995FC}"
EndProject
Global
	GlobalSection(SolutionConfigurationPlatforms) = preSolution
		Debug|Any CPU = Debug|Any CPU
		Release|Any CPU = Release|Any CPU
	EndGlobalSection
	GlobalSection(ProjectConfigurationPlatforms) = postSolution
		{61B12D23-72FC-4C99-826A-5790905995FC}.Debug|Any CPU.ActiveCfg = Debug|Any CPU
		{61B12D23-72FC-4C99-826A-5790905995FC}.Debug|Any CPU.Build.0 = Debug|Any CPU
		{61B12D23-72FC-4C99-826A-5790905995FC}.Release|Any CPU.ActiveCfg = Release|Any CPU
		{61B12D23-72FC-4C99-826A-5790905995FC}.Release|Any CPU.Build.0 = Release|Any CPU
	EndGlobalSection
	GlobalSection(SolutionProperties) = preSolution
		HideSolutionNode = FALSE
	EndGlobalSection
	GlobalSection(ExtensibilityGlobals) = postSolution
		SolutionGuid = {149A1A83-4EE8-4254-9318-E51EC786BB18}
	EndGlobalSection
EndGlobal
